
Microsoft Visual Studio Solution File, Format Version 12.00
# Visual Studio Version 16
VisualStudioVersion = 16.0.28803.352
MinimumVisualStudioVersion = 10.0.40219.1
Project("{FAE04EC0-301F-11D3-BF4B-00C04F79EFBC}") = "Bubble Sort", "Bubble Sort\Bubble Sort.csproj", "{2EE262B2-C006-48C5-B263-3389A9F47068}"
EndProject
Global
	GlobalSection(SolutionConfigurationPlatforms) = preSolution
		Debug|Any CPU = Debug|Any CPU
		Release|Any CPU = Release|Any CPU
	EndGlobalSection
	GlobalSection(ProjectConfigurationPlatforms) = postSolution
		{2EE262B2-C006-48C5-B263-3389A9F47068}.Debug|Any CPU.ActiveCfg = Debug|Any CPU
		{2EE262B2-C006-48C5-B263-3389A9F47068}.Debug|Any CPU.Build.0 = Debug|Any CPU
		{2EE262B2-C006-48C5-B263-3389A9F47068}.Release|Any CPU.ActiveCfg = Release|Any CPU
		{2EE262B2-C006-48C5-B263-3389A9F47068}.Release|Any CPU.Build.0 = Release|Any CPU
	EndGlobalSection
	GlobalSection(SolutionProperties) = preSolution
		HideSolutionNode = FALSE
	EndGlobalSection
	GlobalSection(ExtensibilityGlobals) = postSolution
		SolutionGuid = {D9D12B66-24E9-4ABF-91F4-8A047491E509}
	EndGlobalSection
EndGlobal
