
Microsoft Visual Studio Solution File, Format Version 12.00
# Visual Studio Version 16
VisualStudioVersion = 16.0.28803.352
MinimumVisualStudioVersion = 10.0.40219.1
Project("{FAE04EC0-301F-11D3-BF4B-00C04F79EFBC}") = "Quick Sort", "Quick Sort\Quick Sort.csproj", "{6DB9278C-6308-4EB9-98D7-101334E7682B}"
EndProject
Global
	GlobalSection(SolutionConfigurationPlatforms) = preSolution
		Debug|Any CPU = Debug|Any CPU
		Release|Any CPU = Release|Any CPU
	EndGlobalSection
	GlobalSection(ProjectConfigurationPlatforms) = postSolution
		{6DB9278C-6308-4EB9-98D7-101334E7682B}.Debug|Any CPU.ActiveCfg = Debug|Any CPU
		{6DB9278C-6308-4EB9-98D7-101334E7682B}.Debug|Any CPU.Build.0 = Debug|Any CPU
		{6DB9278C-6308-4EB9-98D7-101334E7682B}.Release|Any CPU.ActiveCfg = Release|Any CPU
		{6DB9278C-6308-4EB9-98D7-101334E7682B}.Release|Any CPU.Build.0 = Release|Any CPU
	EndGlobalSection
	GlobalSection(SolutionProperties) = preSolution
		HideSolutionNode = FALSE
	EndGlobalSection
	GlobalSection(ExtensibilityGlobals) = postSolution
		SolutionGuid = {7732AC5A-FECA-4983-BEBC-81CF6BD2CDCD}
	EndGlobalSection
EndGlobal
